
Microsoft Visual Studio Solution File, Format Version 12.00
# Visual Studio Version 16
VisualStudioVersion = 16.0.810.18
MinimumVisualStudioVersion = 10.0.40219.1
Project("{FAE04EC0-301F-11D3-BF4B-00C04F79EFBC}") = "GetFactorsChallenge", "GetFactorsChallenge\GetFactorsChallenge.csproj", "{EC3C3A62-0F54-469C-B403-BBC2A6E095A8}"
EndProject
Global
	GlobalSection(SolutionConfigurationPlatforms) = preSolution
		Debug|Any CPU = Debug|Any CPU
		Release|Any CPU = Release|Any CPU
	EndGlobalSection
	GlobalSection(ProjectConfigurationPlatforms) = postSolution
		{EC3C3A62-0F54-469C-B403-BBC2A6E095A8}.Debug|Any CPU.ActiveCfg = Debug|Any CPU
		{EC3C3A62-0F54-469C-B403-BBC2A6E095A8}.Debug|Any CPU.Build.0 = Debug|Any CPU
		{EC3C3A62-0F54-469C-B403-BBC2A6E095A8}.Release|Any CPU.ActiveCfg = Release|Any CPU
		{EC3C3A62-0F54-469C-B403-BBC2A6E095A8}.Release|Any CPU.Build.0 = Release|Any CPU
	EndGlobalSection
	GlobalSection(SolutionProperties) = preSolution
		HideSolutionNode = FALSE
	EndGlobalSection
	GlobalSection(ExtensibilityGlobals) = postSolution
		SolutionGuid = {377765F7-66EE-4952-889C-01AE07371675}
	EndGlobalSection
EndGlobal
